// !$*UTF8*$!
{
	archiveVersion = 1;
	classes = {
	};
	objectVersion = 46;
	objects = {

/* Begin PBXBuildFile section */
		CE5DA0AF1D40099C00025C17 /* UILabel+Extensions.swift in Sources */ = {isa = PBXBuildFile; fileRef = CE5DA0AE1D40099C00025C17 /* UILabel+Extensions.swift */; };
		CE9B94A71D26C57600B0F53D /* NSBundle+Extensions.swift in Sources */ = {isa = PBXBuildFile; fileRef = CE9B94A61D26C57600B0F53D /* NSBundle+Extensions.swift */; };
		CED404E81D26EA670083365F /* UIViewController+AlertPresenting.swift in Sources */ = {isa = PBXBuildFile; fileRef = CED404E71D26EA670083365F /* UIViewController+AlertPresenting.swift */; };
		CED404EA1D26EC620083365F /* UITextField+Extensions.swift in Sources */ = {isa = PBXBuildFile; fileRef = CED404E91D26EC620083365F /* UITextField+Extensions.swift */; };
		CEDC95A61D230EB400B91D2E /* UIColor+Extensions.swift in Sources */ = {isa = PBXBuildFile; fileRef = CEDC95A51D230EB400B91D2E /* UIColor+Extensions.swift */; };
		CEDC95AC1D2313AD00B91D2E /* String+Extensions.swift in Sources */ = {isa = PBXBuildFile; fileRef = CEDC95AB1D2313AD00B91D2E /* String+Extensions.swift */; };
		CEDC95AE1D2314BD00B91D2E /* UIImage+Extensions.swift in Sources */ = {isa = PBXBuildFile; fileRef = CEDC95AD1D2314BD00B91D2E /* UIImage+Extensions.swift */; };
		CEDC95B01D2316C400B91D2E /* UIViewControllerContextTransitioning.swift in Sources */ = {isa = PBXBuildFile; fileRef = CEDC95AF1D2316C400B91D2E /* UIViewControllerContextTransitioning.swift */; };
		CEDC95B21D23174200B91D2E /* UIAlertController+Extensions.swift in Sources */ = {isa = PBXBuildFile; fileRef = CEDC95B11D23174200B91D2E /* UIAlertController+Extensions.swift */; };
		CEDC95B61D23192300B91D2E /* UIDevice+Extensions.swift in Sources */ = {isa = PBXBuildFile; fileRef = CEDC95B51D23192300B91D2E /* UIDevice+Extensions.swift */; };
		CEDC95B81D23199000B91D2E /* NSIndexPath+Extensions.swift in Sources */ = {isa = PBXBuildFile; fileRef = CEDC95B71D23199000B91D2E /* NSIndexPath+Extensions.swift */; };
		CEDC95BA1D231AAB00B91D2E /* UICollectionView+Extensions.swift in Sources */ = {isa = PBXBuildFile; fileRef = CEDC95B91D231AAB00B91D2E /* UICollectionView+Extensions.swift */; };
		CEDC95BE1D231FF500B91D2E /* UIViewController+Extensions.swift in Sources */ = {isa = PBXBuildFile; fileRef = CEDC95BD1D231FF500B91D2E /* UIViewController+Extensions.swift */; };
		CEDC95C31D2320FA00B91D2E /* UINavigationBar+Extensions.swift in Sources */ = {isa = PBXBuildFile; fileRef = CEDC95C21D2320FA00B91D2E /* UINavigationBar+Extensions.swift */; };
		CEDC95C51D23213900B91D2E /* UINavigationController+Extensions.swift in Sources */ = {isa = PBXBuildFile; fileRef = CEDC95C41D23213900B91D2E /* UINavigationController+Extensions.swift */; };
		CEFBBCE91D21B3A300B984A9 /* IncipiaKit.h in Headers */ = {isa = PBXBuildFile; fileRef = CEFBBCE81D21B3A300B984A9 /* IncipiaKit.h */; settings = {ATTRIBUTES = (Public, ); }; };
		CEFBBCF01D21B3A300B984A9 /* IncipiaKit.framework in Frameworks */ = {isa = PBXBuildFile; fileRef = CEFBBCE51D21B3A300B984A9 /* IncipiaKit.framework */; };
		CEFBBCF51D21B3A300B984A9 /* IncipiaKitTests.swift in Sources */ = {isa = PBXBuildFile; fileRef = CEFBBCF41D21B3A300B984A9 /* IncipiaKitTests.swift */; };
		CEFD86A61D3057EC005313AD /* AppDelegate.swift in Sources */ = {isa = PBXBuildFile; fileRef = CEFD86A51D3057EC005313AD /* AppDelegate.swift */; };
		CEFD86A81D3057EC005313AD /* ViewControllerA.swift in Sources */ = {isa = PBXBuildFile; fileRef = CEFD86A71D3057EC005313AD /* ViewControllerA.swift */; };
		CEFD86AB1D3057EC005313AD /* Main.storyboard in Resources */ = {isa = PBXBuildFile; fileRef = CEFD86A91D3057EC005313AD /* Main.storyboard */; };
		CEFD86AD1D3057EC005313AD /* Assets.xcassets in Resources */ = {isa = PBXBuildFile; fileRef = CEFD86AC1D3057EC005313AD /* Assets.xcassets */; };
		CEFD86B01D3057EC005313AD /* LaunchScreen.storyboard in Resources */ = {isa = PBXBuildFile; fileRef = CEFD86AE1D3057EC005313AD /* LaunchScreen.storyboard */; };
		CEFD86B81D305A14005313AD /* IncipiaKit.framework in Frameworks */ = {isa = PBXBuildFile; fileRef = CEFBBCE51D21B3A300B984A9 /* IncipiaKit.framework */; };
		CEFD86BA1D318A34005313AD /* UIBarButtonItem+Extensions.swift in Sources */ = {isa = PBXBuildFile; fileRef = CEFD86B91D318A34005313AD /* UIBarButtonItem+Extensions.swift */; };
		CEFD86BC1D318A81005313AD /* AppRouter.swift in Sources */ = {isa = PBXBuildFile; fileRef = CEFD86BB1D318A81005313AD /* AppRouter.swift */; };
		CEFD86BE1D318BB8005313AD /* UIViewController+Instantiate.swift in Sources */ = {isa = PBXBuildFile; fileRef = CEFD86BD1D318BB8005313AD /* UIViewController+Instantiate.swift */; };
		CEFD86C01D318F48005313AD /* ViewControllerB.swift in Sources */ = {isa = PBXBuildFile; fileRef = CEFD86BF1D318F48005313AD /* ViewControllerB.swift */; };
		CEFD86C21D31A6C5005313AD /* Icons.xcassets in Resources */ = {isa = PBXBuildFile; fileRef = CEFD86C11D31A6C5005313AD /* Icons.xcassets */; };
		CEFD86C41D31ADE5005313AD /* IconProvider.swift in Sources */ = {isa = PBXBuildFile; fileRef = CEFD86C31D31ADE5005313AD /* IconProvider.swift */; };
		CEFD86C61D31B4FD005313AD /* UIViewController+BarButtonItems.swift in Sources */ = {isa = PBXBuildFile; fileRef = CEFD86C51D31B4FD005313AD /* UIViewController+BarButtonItems.swift */; };
		CEFEAD921D3EC04F004D3CFC /* UIToolbar+Extensions.swift in Sources */ = {isa = PBXBuildFile; fileRef = CEFEAD911D3EC04F004D3CFC /* UIToolbar+Extensions.swift */; };
		CEFEADBB1D3FE428004D3CFC /* UIView+Extensions.swift in Sources */ = {isa = PBXBuildFile; fileRef = CEFEADBA1D3FE428004D3CFC /* UIView+Extensions.swift */; };
/* End PBXBuildFile section */

/* Begin PBXContainerItemProxy section */
		CEFBBCF11D21B3A300B984A9 /* PBXContainerItemProxy */ = {
			isa = PBXContainerItemProxy;
			containerPortal = CEFBBCDC1D21B3A300B984A9 /* Project object */;
			proxyType = 1;
			remoteGlobalIDString = CEFBBCE41D21B3A300B984A9;
			remoteInfo = IncipiaKit;
		};
		CEFD86B51D3057F5005313AD /* PBXContainerItemProxy */ = {
			isa = PBXContainerItemProxy;
			containerPortal = CEFBBCDC1D21B3A300B984A9 /* Project object */;
			proxyType = 1;
			remoteGlobalIDString = CEFD86A21D3057EC005313AD;
			remoteInfo = "IncipiaKit-Demo";
		};
/* End PBXContainerItemProxy section */

/* Begin PBXFileReference section */
		CE5DA0AE1D40099C00025C17 /* UILabel+Extensions.swift */ = {isa = PBXFileReference; fileEncoding = 4; lastKnownFileType = sourcecode.swift; name = "UILabel+Extensions.swift"; path = "UIKit-Extensions/UILabel+Extensions.swift"; sourceTree = "<group>"; };
		CE9B94A61D26C57600B0F53D /* NSBundle+Extensions.swift */ = {isa = PBXFileReference; fileEncoding = 4; lastKnownFileType = sourcecode.swift; name = "NSBundle+Extensions.swift"; path = "Extensions/NSBundle+Extensions.swift"; sourceTree = "<group>"; };
		CED404E71D26EA670083365F /* UIViewController+AlertPresenting.swift */ = {isa = PBXFileReference; fileEncoding = 4; lastKnownFileType = sourcecode.swift; name = "UIViewController+AlertPresenting.swift"; path = "UIKit-Extensions/UIViewController+AlertPresenting.swift"; sourceTree = "<group>"; };
		CED404E91D26EC620083365F /* UITextField+Extensions.swift */ = {isa = PBXFileReference; fileEncoding = 4; lastKnownFileType = sourcecode.swift; name = "UITextField+Extensions.swift"; path = "UIKit-Extensions/UITextField+Extensions.swift"; sourceTree = "<group>"; };
		CEDC95A51D230EB400B91D2E /* UIColor+Extensions.swift */ = {isa = PBXFileReference; fileEncoding = 4; lastKnownFileType = sourcecode.swift; name = "UIColor+Extensions.swift"; path = "UIKit-Extensions/UIColor+Extensions.swift"; sourceTree = "<group>"; };
		CEDC95AB1D2313AD00B91D2E /* String+Extensions.swift */ = {isa = PBXFileReference; fileEncoding = 4; lastKnownFileType = sourcecode.swift; name = "String+Extensions.swift"; path = "Extensions/String+Extensions.swift"; sourceTree = "<group>"; };
		CEDC95AD1D2314BD00B91D2E /* UIImage+Extensions.swift */ = {isa = PBXFileReference; fileEncoding = 4; lastKnownFileType = sourcecode.swift; name = "UIImage+Extensions.swift"; path = "UIKit-Extensions/UIImage+Extensions.swift"; sourceTree = "<group>"; };
		CEDC95AF1D2316C400B91D2E /* UIViewControllerContextTransitioning.swift */ = {isa = PBXFileReference; fileEncoding = 4; lastKnownFileType = sourcecode.swift; name = UIViewControllerContextTransitioning.swift; path = "UIKit-Extensions/UIViewControllerContextTransitioning.swift"; sourceTree = "<group>"; };
		CEDC95B11D23174200B91D2E /* UIAlertController+Extensions.swift */ = {isa = PBXFileReference; fileEncoding = 4; lastKnownFileType = sourcecode.swift; name = "UIAlertController+Extensions.swift"; path = "UIKit-Extensions/UIAlertController+Extensions.swift"; sourceTree = "<group>"; };
		CEDC95B51D23192300B91D2E /* UIDevice+Extensions.swift */ = {isa = PBXFileReference; fileEncoding = 4; lastKnownFileType = sourcecode.swift; name = "UIDevice+Extensions.swift"; path = "UIKit-Extensions/UIDevice+Extensions.swift"; sourceTree = "<group>"; };
		CEDC95B71D23199000B91D2E /* NSIndexPath+Extensions.swift */ = {isa = PBXFileReference; fileEncoding = 4; lastKnownFileType = sourcecode.swift; name = "NSIndexPath+Extensions.swift"; path = "Extensions/NSIndexPath+Extensions.swift"; sourceTree = "<group>"; };
		CEDC95B91D231AAB00B91D2E /* UICollectionView+Extensions.swift */ = {isa = PBXFileReference; fileEncoding = 4; lastKnownFileType = sourcecode.swift; name = "UICollectionView+Extensions.swift"; path = "UIKit-Extensions/UICollectionView+Extensions.swift"; sourceTree = "<group>"; };
		CEDC95BD1D231FF500B91D2E /* UIViewController+Extensions.swift */ = {isa = PBXFileReference; fileEncoding = 4; lastKnownFileType = sourcecode.swift; name = "UIViewController+Extensions.swift"; path = "UIKit-Extensions/UIViewController+Extensions.swift"; sourceTree = "<group>"; };
		CEDC95C21D2320FA00B91D2E /* UINavigationBar+Extensions.swift */ = {isa = PBXFileReference; fileEncoding = 4; lastKnownFileType = sourcecode.swift; name = "UINavigationBar+Extensions.swift"; path = "UIKit-Extensions/UINavigationBar+Extensions.swift"; sourceTree = "<group>"; };
		CEDC95C41D23213900B91D2E /* UINavigationController+Extensions.swift */ = {isa = PBXFileReference; fileEncoding = 4; lastKnownFileType = sourcecode.swift; name = "UINavigationController+Extensions.swift"; path = "UIKit-Extensions/UINavigationController+Extensions.swift"; sourceTree = "<group>"; };
		CEFBBCE51D21B3A300B984A9 /* IncipiaKit.framework */ = {isa = PBXFileReference; explicitFileType = wrapper.framework; includeInIndex = 0; path = IncipiaKit.framework; sourceTree = BUILT_PRODUCTS_DIR; };
		CEFBBCE81D21B3A300B984A9 /* IncipiaKit.h */ = {isa = PBXFileReference; lastKnownFileType = sourcecode.c.h; path = IncipiaKit.h; sourceTree = "<group>"; };
		CEFBBCEA1D21B3A300B984A9 /* Info.plist */ = {isa = PBXFileReference; lastKnownFileType = text.plist.xml; path = Info.plist; sourceTree = "<group>"; };
		CEFBBCEF1D21B3A300B984A9 /* IncipiaKitTests.xctest */ = {isa = PBXFileReference; explicitFileType = wrapper.cfbundle; includeInIndex = 0; path = IncipiaKitTests.xctest; sourceTree = BUILT_PRODUCTS_DIR; };
		CEFBBCF41D21B3A300B984A9 /* IncipiaKitTests.swift */ = {isa = PBXFileReference; lastKnownFileType = sourcecode.swift; path = IncipiaKitTests.swift; sourceTree = "<group>"; };
		CEFBBCF61D21B3A300B984A9 /* Info.plist */ = {isa = PBXFileReference; lastKnownFileType = text.plist.xml; path = Info.plist; sourceTree = "<group>"; };
		CEFD86A31D3057EC005313AD /* IncipiaKit-Demo.app */ = {isa = PBXFileReference; explicitFileType = wrapper.application; includeInIndex = 0; path = "IncipiaKit-Demo.app"; sourceTree = BUILT_PRODUCTS_DIR; };
		CEFD86A51D3057EC005313AD /* AppDelegate.swift */ = {isa = PBXFileReference; lastKnownFileType = sourcecode.swift; path = AppDelegate.swift; sourceTree = "<group>"; };
		CEFD86A71D3057EC005313AD /* ViewControllerA.swift */ = {isa = PBXFileReference; lastKnownFileType = sourcecode.swift; path = ViewControllerA.swift; sourceTree = "<group>"; };
		CEFD86AA1D3057EC005313AD /* Base */ = {isa = PBXFileReference; lastKnownFileType = file.storyboard; name = Base; path = Base.lproj/Main.storyboard; sourceTree = "<group>"; };
		CEFD86AC1D3057EC005313AD /* Assets.xcassets */ = {isa = PBXFileReference; lastKnownFileType = folder.assetcatalog; path = Assets.xcassets; sourceTree = "<group>"; };
		CEFD86AF1D3057EC005313AD /* Base */ = {isa = PBXFileReference; lastKnownFileType = file.storyboard; name = Base; path = Base.lproj/LaunchScreen.storyboard; sourceTree = "<group>"; };
		CEFD86B11D3057EC005313AD /* Info.plist */ = {isa = PBXFileReference; lastKnownFileType = text.plist.xml; path = Info.plist; sourceTree = "<group>"; };
		CEFD86B91D318A34005313AD /* UIBarButtonItem+Extensions.swift */ = {isa = PBXFileReference; fileEncoding = 4; lastKnownFileType = sourcecode.swift; name = "UIBarButtonItem+Extensions.swift"; path = "UIKit-Extensions/UIBarButtonItem+Extensions.swift"; sourceTree = "<group>"; };
		CEFD86BB1D318A81005313AD /* AppRouter.swift */ = {isa = PBXFileReference; fileEncoding = 4; lastKnownFileType = sourcecode.swift; path = AppRouter.swift; sourceTree = "<group>"; };
		CEFD86BD1D318BB8005313AD /* UIViewController+Instantiate.swift */ = {isa = PBXFileReference; fileEncoding = 4; lastKnownFileType = sourcecode.swift; name = "UIViewController+Instantiate.swift"; path = "UIKit-Extensions/UIViewController+Instantiate.swift"; sourceTree = "<group>"; };
		CEFD86BF1D318F48005313AD /* ViewControllerB.swift */ = {isa = PBXFileReference; fileEncoding = 4; lastKnownFileType = sourcecode.swift; path = ViewControllerB.swift; sourceTree = "<group>"; };
		CEFD86C11D31A6C5005313AD /* Icons.xcassets */ = {isa = PBXFileReference; lastKnownFileType = folder.assetcatalog; name = Icons.xcassets; path = Resources/Icons.xcassets; sourceTree = "<group>"; };
		CEFD86C31D31ADE5005313AD /* IconProvider.swift */ = {isa = PBXFileReference; fileEncoding = 4; lastKnownFileType = sourcecode.swift; name = IconProvider.swift; path = Private/IconProvider.swift; sourceTree = "<group>"; };
		CEFD86C51D31B4FD005313AD /* UIViewController+BarButtonItems.swift */ = {isa = PBXFileReference; fileEncoding = 4; lastKnownFileType = sourcecode.swift; name = "UIViewController+BarButtonItems.swift"; path = "UIKit-Extensions/UIViewController+BarButtonItems.swift"; sourceTree = "<group>"; };
		CEFEAD911D3EC04F004D3CFC /* UIToolbar+Extensions.swift */ = {isa = PBXFileReference; fileEncoding = 4; lastKnownFileType = sourcecode.swift; name = "UIToolbar+Extensions.swift"; path = "UIKit-Extensions/UIToolbar+Extensions.swift"; sourceTree = "<group>"; };
		CEFEADBA1D3FE428004D3CFC /* UIView+Extensions.swift */ = {isa = PBXFileReference; fileEncoding = 4; lastKnownFileType = sourcecode.swift; name = "UIView+Extensions.swift"; path = "UIKit-Extensions/UIView+Extensions.swift"; sourceTree = "<group>"; };
/* End PBXFileReference section */

/* Begin PBXFrameworksBuildPhase section */
		CEFBBCE11D21B3A300B984A9 /* Frameworks */ = {
			isa = PBXFrameworksBuildPhase;
			buildActionMask = 2147483647;
			files = (
			);
			runOnlyForDeploymentPostprocessing = 0;
		};
		CEFBBCEC1D21B3A300B984A9 /* Frameworks */ = {
			isa = PBXFrameworksBuildPhase;
			buildActionMask = 2147483647;
			files = (
				CEFBBCF01D21B3A300B984A9 /* IncipiaKit.framework in Frameworks */,
			);
			runOnlyForDeploymentPostprocessing = 0;
		};
		CEFD86A01D3057EC005313AD /* Frameworks */ = {
			isa = PBXFrameworksBuildPhase;
			buildActionMask = 2147483647;
			files = (
				CEFD86B81D305A14005313AD /* IncipiaKit.framework in Frameworks */,
			);
			runOnlyForDeploymentPostprocessing = 0;
		};
/* End PBXFrameworksBuildPhase section */

/* Begin PBXGroup section */
		CEDC95A71D230EBB00B91D2E /* Extensions */ = {
			isa = PBXGroup;
			children = (
				CEDC95BC1D231F3500B91D2E /* Other */,
				CEDC95BB1D231F2800B91D2E /* UIKit */,
			);
			name = Extensions;
			path = IncipiaKit;
			sourceTree = "<group>";
		};
		CEDC95BB1D231F2800B91D2E /* UIKit */ = {
			isa = PBXGroup;
			children = (
				CEFD86C11D31A6C5005313AD /* Icons.xcassets */,
				CEDC95B11D23174200B91D2E /* UIAlertController+Extensions.swift */,
				CEFD86B91D318A34005313AD /* UIBarButtonItem+Extensions.swift */,
				CEDC95B91D231AAB00B91D2E /* UICollectionView+Extensions.swift */,
				CEDC95A51D230EB400B91D2E /* UIColor+Extensions.swift */,
				CEDC95B51D23192300B91D2E /* UIDevice+Extensions.swift */,
				CEDC95AD1D2314BD00B91D2E /* UIImage+Extensions.swift */,
				CEDC95C21D2320FA00B91D2E /* UINavigationBar+Extensions.swift */,
				CEDC95C41D23213900B91D2E /* UINavigationController+Extensions.swift */,
				CED404E91D26EC620083365F /* UITextField+Extensions.swift */,
				CED404E71D26EA670083365F /* UIViewController+AlertPresenting.swift */,
				CEFD86C51D31B4FD005313AD /* UIViewController+BarButtonItems.swift */,
				CEDC95BD1D231FF500B91D2E /* UIViewController+Extensions.swift */,
				CEFD86BD1D318BB8005313AD /* UIViewController+Instantiate.swift */,
				CEDC95AF1D2316C400B91D2E /* UIViewControllerContextTransitioning.swift */,
				CEFEAD911D3EC04F004D3CFC /* UIToolbar+Extensions.swift */,
				CEFEADBA1D3FE428004D3CFC /* UIView+Extensions.swift */,
				CE5DA0AE1D40099C00025C17 /* UILabel+Extensions.swift */,
			);
			name = UIKit;
			sourceTree = "<group>";
		};
		CEDC95BC1D231F3500B91D2E /* Other */ = {
			isa = PBXGroup;
			children = (
				CEDC95AB1D2313AD00B91D2E /* String+Extensions.swift */,
				CEDC95B71D23199000B91D2E /* NSIndexPath+Extensions.swift */,
				CE9B94A61D26C57600B0F53D /* NSBundle+Extensions.swift */,
			);
			name = Other;
			sourceTree = "<group>";
		};
		CEFBBCDB1D21B3A300B984A9 = {
			isa = PBXGroup;
			children = (
				CEDC95A71D230EBB00B91D2E /* Extensions */,
				CEFBBCE71D21B3A300B984A9 /* IncipiaKit */,
				CEFBBCF31D21B3A300B984A9 /* IncipiaKitTests */,
				CEFD86A41D3057EC005313AD /* IncipiaKit-Demo */,
				CEFBBCE61D21B3A300B984A9 /* Products */,
			);
			sourceTree = "<group>";
		};
		CEFBBCE61D21B3A300B984A9 /* Products */ = {
			isa = PBXGroup;
			children = (
				CEFBBCE51D21B3A300B984A9 /* IncipiaKit.framework */,
				CEFBBCEF1D21B3A300B984A9 /* IncipiaKitTests.xctest */,
				CEFD86A31D3057EC005313AD /* IncipiaKit-Demo.app */,
			);
			name = Products;
			sourceTree = "<group>";
		};
		CEFBBCE71D21B3A300B984A9 /* IncipiaKit */ = {
			isa = PBXGroup;
			children = (
				CEFBBCE81D21B3A300B984A9 /* IncipiaKit.h */,
				CEFBBCEA1D21B3A300B984A9 /* Info.plist */,
				CEFD86C31D31ADE5005313AD /* IconProvider.swift */,
			);
			path = IncipiaKit;
			sourceTree = "<group>";
		};
		CEFBBCF31D21B3A300B984A9 /* IncipiaKitTests */ = {
			isa = PBXGroup;
			children = (
				CEFBBCF41D21B3A300B984A9 /* IncipiaKitTests.swift */,
				CEFBBCF61D21B3A300B984A9 /* Info.plist */,
			);
			path = IncipiaKitTests;
			sourceTree = "<group>";
		};
		CEFD86A41D3057EC005313AD /* IncipiaKit-Demo */ = {
			isa = PBXGroup;
			children = (
				CEFD86A51D3057EC005313AD /* AppDelegate.swift */,
				CEFD86A71D3057EC005313AD /* ViewControllerA.swift */,
				CEFD86A91D3057EC005313AD /* Main.storyboard */,
				CEFD86AC1D3057EC005313AD /* Assets.xcassets */,
				CEFD86AE1D3057EC005313AD /* LaunchScreen.storyboard */,
				CEFD86B11D3057EC005313AD /* Info.plist */,
				CEFD86BB1D318A81005313AD /* AppRouter.swift */,
				CEFD86BF1D318F48005313AD /* ViewControllerB.swift */,
			);
			path = "IncipiaKit-Demo";
			sourceTree = "<group>";
		};
/* End PBXGroup section */

/* Begin PBXHeadersBuildPhase section */
		CEFBBCE21D21B3A300B984A9 /* Headers */ = {
			isa = PBXHeadersBuildPhase;
			buildActionMask = 2147483647;
			files = (
				CEFBBCE91D21B3A300B984A9 /* IncipiaKit.h in Headers */,
			);
			runOnlyForDeploymentPostprocessing = 0;
		};
/* End PBXHeadersBuildPhase section */

/* Begin PBXNativeTarget section */
		CEFBBCE41D21B3A300B984A9 /* IncipiaKit */ = {
			isa = PBXNativeTarget;
			buildConfigurationList = CEFBBCF91D21B3A300B984A9 /* Build configuration list for PBXNativeTarget "IncipiaKit" */;
			buildPhases = (
				CEFBBCE01D21B3A300B984A9 /* Sources */,
				CEFBBCE11D21B3A300B984A9 /* Frameworks */,
				CEFBBCE21D21B3A300B984A9 /* Headers */,
				CEFBBCE31D21B3A300B984A9 /* Resources */,
			);
			buildRules = (
			);
			dependencies = (
			);
			name = IncipiaKit;
			productName = IncipiaKit;
			productReference = CEFBBCE51D21B3A300B984A9 /* IncipiaKit.framework */;
			productType = "com.apple.product-type.framework";
		};
		CEFBBCEE1D21B3A300B984A9 /* IncipiaKitTests */ = {
			isa = PBXNativeTarget;
			buildConfigurationList = CEFBBCFC1D21B3A300B984A9 /* Build configuration list for PBXNativeTarget "IncipiaKitTests" */;
			buildPhases = (
				CEFBBCEB1D21B3A300B984A9 /* Sources */,
				CEFBBCEC1D21B3A300B984A9 /* Frameworks */,
				CEFBBCED1D21B3A300B984A9 /* Resources */,
			);
			buildRules = (
			);
			dependencies = (
				CEFBBCF21D21B3A300B984A9 /* PBXTargetDependency */,
				CEFD86B61D3057F5005313AD /* PBXTargetDependency */,
			);
			name = IncipiaKitTests;
			productName = IncipiaKitTests;
			productReference = CEFBBCEF1D21B3A300B984A9 /* IncipiaKitTests.xctest */;
			productType = "com.apple.product-type.bundle.unit-test";
		};
		CEFD86A21D3057EC005313AD /* IncipiaKit-Demo */ = {
			isa = PBXNativeTarget;
			buildConfigurationList = CEFD86B41D3057EC005313AD /* Build configuration list for PBXNativeTarget "IncipiaKit-Demo" */;
			buildPhases = (
				CEFD869F1D3057EC005313AD /* Sources */,
				CEFD86A01D3057EC005313AD /* Frameworks */,
				CEFD86A11D3057EC005313AD /* Resources */,
			);
			buildRules = (
			);
			dependencies = (
			);
			name = "IncipiaKit-Demo";
			productName = "IncipiaKit-Demo";
			productReference = CEFD86A31D3057EC005313AD /* IncipiaKit-Demo.app */;
			productType = "com.apple.product-type.application";
		};
/* End PBXNativeTarget section */

/* Begin PBXProject section */
		CEFBBCDC1D21B3A300B984A9 /* Project object */ = {
			isa = PBXProject;
			attributes = {
				LastSwiftUpdateCheck = 0730;
				LastUpgradeCheck = 0800;
				ORGANIZATIONNAME = Incipia;
				TargetAttributes = {
					CEFBBCE41D21B3A300B984A9 = {
						CreatedOnToolsVersion = 7.3.1;
						DevelopmentTeam = 49BYD5B64K;
						DevelopmentTeamName = "INCIPIA LLC";
						LastSwiftMigration = 0800;
					};
					CEFBBCEE1D21B3A300B984A9 = {
						CreatedOnToolsVersion = 7.3.1;
						LastSwiftMigration = 0800;
					};
					CEFD86A21D3057EC005313AD = {
						CreatedOnToolsVersion = 7.3.1;
					};
				};
			};
			buildConfigurationList = CEFBBCDF1D21B3A300B984A9 /* Build configuration list for PBXProject "IncipiaKit" */;
			compatibilityVersion = "Xcode 3.2";
			developmentRegion = English;
			hasScannedForEncodings = 0;
			knownRegions = (
				en,
				Base,
			);
			mainGroup = CEFBBCDB1D21B3A300B984A9;
			productRefGroup = CEFBBCE61D21B3A300B984A9 /* Products */;
			projectDirPath = "";
			projectRoot = "";
			targets = (
				CEFD86A21D3057EC005313AD /* IncipiaKit-Demo */,
				CEFBBCE41D21B3A300B984A9 /* IncipiaKit */,
				CEFBBCEE1D21B3A300B984A9 /* IncipiaKitTests */,
			);
		};
/* End PBXProject section */

/* Begin PBXResourcesBuildPhase section */
		CEFBBCE31D21B3A300B984A9 /* Resources */ = {
			isa = PBXResourcesBuildPhase;
			buildActionMask = 2147483647;
			files = (
				CEFD86C21D31A6C5005313AD /* Icons.xcassets in Resources */,
			);
			runOnlyForDeploymentPostprocessing = 0;
		};
		CEFBBCED1D21B3A300B984A9 /* Resources */ = {
			isa = PBXResourcesBuildPhase;
			buildActionMask = 2147483647;
			files = (
			);
			runOnlyForDeploymentPostprocessing = 0;
		};
		CEFD86A11D3057EC005313AD /* Resources */ = {
			isa = PBXResourcesBuildPhase;
			buildActionMask = 2147483647;
			files = (
				CEFD86B01D3057EC005313AD /* LaunchScreen.storyboard in Resources */,
				CEFD86AD1D3057EC005313AD /* Assets.xcassets in Resources */,
				CEFD86AB1D3057EC005313AD /* Main.storyboard in Resources */,
			);
			runOnlyForDeploymentPostprocessing = 0;
		};
/* End PBXResourcesBuildPhase section */

/* Begin PBXSourcesBuildPhase section */
		CEFBBCE01D21B3A300B984A9 /* Sources */ = {
			isa = PBXSourcesBuildPhase;
			buildActionMask = 2147483647;
			files = (
				CEDC95C51D23213900B91D2E /* UINavigationController+Extensions.swift in Sources */,
				CEDC95B21D23174200B91D2E /* UIAlertController+Extensions.swift in Sources */,
				CEFEADBB1D3FE428004D3CFC /* UIView+Extensions.swift in Sources */,
				CEDC95B01D2316C400B91D2E /* UIViewControllerContextTransitioning.swift in Sources */,
				CEDC95C31D2320FA00B91D2E /* UINavigationBar+Extensions.swift in Sources */,
				CE9B94A71D26C57600B0F53D /* NSBundle+Extensions.swift in Sources */,
				CE5DA0AF1D40099C00025C17 /* UILabel+Extensions.swift in Sources */,
				CEFD86C61D31B4FD005313AD /* UIViewController+BarButtonItems.swift in Sources */,
				CEDC95BE1D231FF500B91D2E /* UIViewController+Extensions.swift in Sources */,
				CEDC95B81D23199000B91D2E /* NSIndexPath+Extensions.swift in Sources */,
				CEFD86BA1D318A34005313AD /* UIBarButtonItem+Extensions.swift in Sources */,
				CED404EA1D26EC620083365F /* UITextField+Extensions.swift in Sources */,
				CEFD86C41D31ADE5005313AD /* IconProvider.swift in Sources */,
				CEFEAD921D3EC04F004D3CFC /* UIToolbar+Extensions.swift in Sources */,
				CEDC95AE1D2314BD00B91D2E /* UIImage+Extensions.swift in Sources */,
				CEDC95BA1D231AAB00B91D2E /* UICollectionView+Extensions.swift in Sources */,
				CEDC95AC1D2313AD00B91D2E /* String+Extensions.swift in Sources */,
				CED404E81D26EA670083365F /* UIViewController+AlertPresenting.swift in Sources */,
				CEDC95A61D230EB400B91D2E /* UIColor+Extensions.swift in Sources */,
				CEFD86BE1D318BB8005313AD /* UIViewController+Instantiate.swift in Sources */,
				CEDC95B61D23192300B91D2E /* UIDevice+Extensions.swift in Sources */,
			);
			runOnlyForDeploymentPostprocessing = 0;
		};
		CEFBBCEB1D21B3A300B984A9 /* Sources */ = {
			isa = PBXSourcesBuildPhase;
			buildActionMask = 2147483647;
			files = (
				CEFBBCF51D21B3A300B984A9 /* IncipiaKitTests.swift in Sources */,
			);
			runOnlyForDeploymentPostprocessing = 0;
		};
		CEFD869F1D3057EC005313AD /* Sources */ = {
			isa = PBXSourcesBuildPhase;
			buildActionMask = 2147483647;
			files = (
				CEFD86A81D3057EC005313AD /* ViewControllerA.swift in Sources */,
				CEFD86C01D318F48005313AD /* ViewControllerB.swift in Sources */,
				CEFD86A61D3057EC005313AD /* AppDelegate.swift in Sources */,
				CEFD86BC1D318A81005313AD /* AppRouter.swift in Sources */,
			);
			runOnlyForDeploymentPostprocessing = 0;
		};
/* End PBXSourcesBuildPhase section */

/* Begin PBXTargetDependency section */
		CEFBBCF21D21B3A300B984A9 /* PBXTargetDependency */ = {
			isa = PBXTargetDependency;
			target = CEFBBCE41D21B3A300B984A9 /* IncipiaKit */;
			targetProxy = CEFBBCF11D21B3A300B984A9 /* PBXContainerItemProxy */;
		};
		CEFD86B61D3057F5005313AD /* PBXTargetDependency */ = {
			isa = PBXTargetDependency;
			target = CEFD86A21D3057EC005313AD /* IncipiaKit-Demo */;
			targetProxy = CEFD86B51D3057F5005313AD /* PBXContainerItemProxy */;
		};
/* End PBXTargetDependency section */

/* Begin PBXVariantGroup section */
		CEFD86A91D3057EC005313AD /* Main.storyboard */ = {
			isa = PBXVariantGroup;
			children = (
				CEFD86AA1D3057EC005313AD /* Base */,
			);
			name = Main.storyboard;
			sourceTree = "<group>";
		};
		CEFD86AE1D3057EC005313AD /* LaunchScreen.storyboard */ = {
			isa = PBXVariantGroup;
			children = (
				CEFD86AF1D3057EC005313AD /* Base */,
			);
			name = LaunchScreen.storyboard;
			sourceTree = "<group>";
		};
/* End PBXVariantGroup section */

/* Begin XCBuildConfiguration section */
		CEFBBCF71D21B3A300B984A9 /* Debug */ = {
			isa = XCBuildConfiguration;
			buildSettings = {
				ALWAYS_SEARCH_USER_PATHS = NO;
				CLANG_ANALYZER_NONNULL = YES;
				CLANG_CXX_LANGUAGE_STANDARD = "gnu++0x";
				CLANG_CXX_LIBRARY = "libc++";
				CLANG_ENABLE_MODULES = YES;
				CLANG_ENABLE_OBJC_ARC = YES;
				CLANG_WARN_BOOL_CONVERSION = YES;
				CLANG_WARN_CONSTANT_CONVERSION = YES;
				CLANG_WARN_DIRECT_OBJC_ISA_USAGE = YES_ERROR;
				CLANG_WARN_EMPTY_BODY = YES;
				CLANG_WARN_ENUM_CONVERSION = YES;
				CLANG_WARN_INT_CONVERSION = YES;
				CLANG_WARN_OBJC_ROOT_CLASS = YES_ERROR;
				CLANG_WARN_UNREACHABLE_CODE = YES;
				CLANG_WARN__DUPLICATE_METHOD_MATCH = YES;
				"CODE_SIGN_IDENTITY[sdk=iphoneos*]" = "iPhone Developer";
				COPY_PHASE_STRIP = NO;
				CURRENT_PROJECT_VERSION = 1;
				DEBUG_INFORMATION_FORMAT = dwarf;
				ENABLE_STRICT_OBJC_MSGSEND = YES;
				ENABLE_TESTABILITY = YES;
				GCC_C_LANGUAGE_STANDARD = gnu99;
				GCC_DYNAMIC_NO_PIC = NO;
				GCC_NO_COMMON_BLOCKS = YES;
				GCC_OPTIMIZATION_LEVEL = 0;
				GCC_PREPROCESSOR_DEFINITIONS = (
					"DEBUG=1",
					"$(inherited)",
				);
				GCC_WARN_64_TO_32_BIT_CONVERSION = YES;
				GCC_WARN_ABOUT_RETURN_TYPE = YES_ERROR;
				GCC_WARN_UNDECLARED_SELECTOR = YES;
				GCC_WARN_UNINITIALIZED_AUTOS = YES_AGGRESSIVE;
				GCC_WARN_UNUSED_FUNCTION = YES;
				GCC_WARN_UNUSED_VARIABLE = YES;
				IPHONEOS_DEPLOYMENT_TARGET = 9.3;
				MTL_ENABLE_DEBUG_INFO = YES;
				ONLY_ACTIVE_ARCH = YES;
				SDKROOT = iphoneos;
				SWIFT_OPTIMIZATION_LEVEL = "-Onone";
				TARGETED_DEVICE_FAMILY = "1,2";
				VERSIONING_SYSTEM = "apple-generic";
				VERSION_INFO_PREFIX = "";
			};
			name = Debug;
		};
		CEFBBCF81D21B3A300B984A9 /* Release */ = {
			isa = XCBuildConfiguration;
			buildSettings = {
				ALWAYS_SEARCH_USER_PATHS = NO;
				CLANG_ANALYZER_NONNULL = YES;
				CLANG_CXX_LANGUAGE_STANDARD = "gnu++0x";
				CLANG_CXX_LIBRARY = "libc++";
				CLANG_ENABLE_MODULES = YES;
				CLANG_ENABLE_OBJC_ARC = YES;
				CLANG_WARN_BOOL_CONVERSION = YES;
				CLANG_WARN_CONSTANT_CONVERSION = YES;
				CLANG_WARN_DIRECT_OBJC_ISA_USAGE = YES_ERROR;
				CLANG_WARN_EMPTY_BODY = YES;
				CLANG_WARN_ENUM_CONVERSION = YES;
				CLANG_WARN_INT_CONVERSION = YES;
				CLANG_WARN_OBJC_ROOT_CLASS = YES_ERROR;
				CLANG_WARN_UNREACHABLE_CODE = YES;
				CLANG_WARN__DUPLICATE_METHOD_MATCH = YES;
				"CODE_SIGN_IDENTITY[sdk=iphoneos*]" = "iPhone Developer";
				COPY_PHASE_STRIP = NO;
				CURRENT_PROJECT_VERSION = 1;
				DEBUG_INFORMATION_FORMAT = "dwarf-with-dsym";
				ENABLE_NS_ASSERTIONS = NO;
				ENABLE_STRICT_OBJC_MSGSEND = YES;
				GCC_C_LANGUAGE_STANDARD = gnu99;
				GCC_NO_COMMON_BLOCKS = YES;
				GCC_WARN_64_TO_32_BIT_CONVERSION = YES;
				GCC_WARN_ABOUT_RETURN_TYPE = YES_ERROR;
				GCC_WARN_UNDECLARED_SELECTOR = YES;
				GCC_WARN_UNINITIALIZED_AUTOS = YES_AGGRESSIVE;
				GCC_WARN_UNUSED_FUNCTION = YES;
				GCC_WARN_UNUSED_VARIABLE = YES;
				IPHONEOS_DEPLOYMENT_TARGET = 9.3;
				MTL_ENABLE_DEBUG_INFO = NO;
				SDKROOT = iphoneos;
				TARGETED_DEVICE_FAMILY = "1,2";
				VALIDATE_PRODUCT = YES;
				VERSIONING_SYSTEM = "apple-generic";
				VERSION_INFO_PREFIX = "";
			};
			name = Release;
		};
		CEFBBCFA1D21B3A300B984A9 /* Debug */ = {
			isa = XCBuildConfiguration;
			buildSettings = {
				CLANG_ENABLE_MODULES = YES;
				DEFINES_MODULE = YES;
				DYLIB_COMPATIBILITY_VERSION = 1;
				DYLIB_CURRENT_VERSION = 1;
				DYLIB_INSTALL_NAME_BASE = "@rpath";
				INFOPLIST_FILE = IncipiaKit/Info.plist;
				INSTALL_PATH = "$(LOCAL_LIBRARY_DIR)/Frameworks";
				LD_RUNPATH_SEARCH_PATHS = "$(inherited) @executable_path/Frameworks @loader_path/Frameworks";
				PRODUCT_BUNDLE_IDENTIFIER = com.Incipia.IncipiaKit;
				PRODUCT_NAME = "$(TARGET_NAME)";
				SKIP_INSTALL = YES;
				SWIFT_OPTIMIZATION_LEVEL = "-Onone";
				SWIFT_VERSION = 3.0;
			};
			name = Debug;
		};
		CEFBBCFB1D21B3A300B984A9 /* Release */ = {
			isa = XCBuildConfiguration;
			buildSettings = {
				CLANG_ENABLE_MODULES = YES;
				DEFINES_MODULE = YES;
				DYLIB_COMPATIBILITY_VERSION = 1;
				DYLIB_CURRENT_VERSION = 1;
				DYLIB_INSTALL_NAME_BASE = "@rpath";
				INFOPLIST_FILE = IncipiaKit/Info.plist;
				INSTALL_PATH = "$(LOCAL_LIBRARY_DIR)/Frameworks";
				LD_RUNPATH_SEARCH_PATHS = "$(inherited) @executable_path/Frameworks @loader_path/Frameworks";
				PRODUCT_BUNDLE_IDENTIFIER = com.Incipia.IncipiaKit;
				PRODUCT_NAME = "$(TARGET_NAME)";
				SKIP_INSTALL = YES;
				SWIFT_OPTIMIZATION_LEVEL = "-Owholemodule";
				SWIFT_VERSION = 3.0;
			};
			name = Release;
		};
		CEFBBCFD1D21B3A300B984A9 /* Debug */ = {
			isa = XCBuildConfiguration;
			buildSettings = {
				INFOPLIST_FILE = IncipiaKitTests/Info.plist;
				LD_RUNPATH_SEARCH_PATHS = "$(inherited) @executable_path/Frameworks @loader_path/Frameworks";
				PRODUCT_BUNDLE_IDENTIFIER = com.Incipia.IncipiaKitTests;
				PRODUCT_NAME = "$(TARGET_NAME)";
				SWIFT_VERSION = 3.0;
			};
			name = Debug;
		};
		CEFBBCFE1D21B3A300B984A9 /* Release */ = {
			isa = XCBuildConfiguration;
			buildSettings = {
				INFOPLIST_FILE = IncipiaKitTests/Info.plist;
				LD_RUNPATH_SEARCH_PATHS = "$(inherited) @executable_path/Frameworks @loader_path/Frameworks";
				PRODUCT_BUNDLE_IDENTIFIER = com.Incipia.IncipiaKitTests;
				PRODUCT_NAME = "$(TARGET_NAME)";
				SWIFT_OPTIMIZATION_LEVEL = "-Owholemodule";
				SWIFT_VERSION = 3.0;
			};
			name = Release;
		};
		CEFD86B21D3057EC005313AD /* Debug */ = {
			isa = XCBuildConfiguration;
			buildSettings = {
				ASSETCATALOG_COMPILER_APPICON_NAME = AppIcon;
				INFOPLIST_FILE = "IncipiaKit-Demo/Info.plist";
				LD_RUNPATH_SEARCH_PATHS = "$(inherited) @executable_path/Frameworks";
				PRODUCT_BUNDLE_IDENTIFIER = "com.Incipia.IncipiaKit-Demo";
				PRODUCT_NAME = "$(TARGET_NAME)";
			};
			name = Debug;
		};
		CEFD86B31D3057EC005313AD /* Release */ = {
			isa = XCBuildConfiguration;
			buildSettings = {
				ASSETCATALOG_COMPILER_APPICON_NAME = AppIcon;
				INFOPLIST_FILE = "IncipiaKit-Demo/Info.plist";
				LD_RUNPATH_SEARCH_PATHS = "$(inherited) @executable_path/Frameworks";
				PRODUCT_BUNDLE_IDENTIFIER = "com.Incipia.IncipiaKit-Demo";
				PRODUCT_NAME = "$(TARGET_NAME)";
			};
			name = Release;
		};
/* End XCBuildConfiguration section */

/* Begin XCConfigurationList section */
		CEFBBCDF1D21B3A300B984A9 /* Build configuration list for PBXProject "IncipiaKit" */ = {
			isa = XCConfigurationList;
			buildConfigurations = (
				CEFBBCF71D21B3A300B984A9 /* Debug */,
				CEFBBCF81D21B3A300B984A9 /* Release */,
			);
			defaultConfigurationIsVisible = 0;
			defaultConfigurationName = Release;
		};
		CEFBBCF91D21B3A300B984A9 /* Build configuration list for PBXNativeTarget "IncipiaKit" */ = {
			isa = XCConfigurationList;
			buildConfigurations = (
				CEFBBCFA1D21B3A300B984A9 /* Debug */,
				CEFBBCFB1D21B3A300B984A9 /* Release */,
			);
			defaultConfigurationIsVisible = 0;
			defaultConfigurationName = Release;
		};
		CEFBBCFC1D21B3A300B984A9 /* Build configuration list for PBXNativeTarget "IncipiaKitTests" */ = {
			isa = XCConfigurationList;
			buildConfigurations = (
				CEFBBCFD1D21B3A300B984A9 /* Debug */,
				CEFBBCFE1D21B3A300B984A9 /* Release */,
			);
			defaultConfigurationIsVisible = 0;
			defaultConfigurationName = Release;
		};
		CEFD86B41D3057EC005313AD /* Build configuration list for PBXNativeTarget "IncipiaKit-Demo" */ = {
			isa = XCConfigurationList;
			buildConfigurations = (
				CEFD86B21D3057EC005313AD /* Debug */,
				CEFD86B31D3057EC005313AD /* Release */,
			);
			defaultConfigurationIsVisible = 0;
			defaultConfigurationName = Release;
		};
/* End XCConfigurationList section */
	};
	rootObject = CEFBBCDC1D21B3A300B984A9 /* Project object */;
}
